
Microsoft Visual Studio Solution File, Format Version 12.00
# Visual Studio 15
Project("{FAE04EC0-301F-11D3-BF4B-00C04F79EFBC}") = "StockManagementSystem", "StockManagementSystem\StockManagementSystem.csproj", "{52250499-900E-447F-A29C-101087D88F85}"
EndProject
Project("{FAE04EC0-301F-11D3-BF4B-00C04F79EFBC}") = "StockManagementSystem.Tests", "StockManagementSystem.Tests\StockManagementSystem.Tests.csproj", "{19956E86-4C0C-4389-A821-9C1A08F103FE}"
EndProject
Global
	GlobalSection(SolutionConfigurationPlatforms) = preSolution
		Debug|Any CPU = Debug|Any CPU
		Release|Any CPU = Release|Any CPU
	EndGlobalSection
	GlobalSection(ProjectConfigurationPlatforms) = postSolution
		{52250499-900E-447F-A29C-101087D88F85}.Debug|Any CPU.ActiveCfg = Debug|Any CPU
		{52250499-900E-447F-A29C-101087D88F85}.Debug|Any CPU.Build.0 = Debug|Any CPU
		{52250499-900E-447F-A29C-101087D88F85}.Release|Any CPU.ActiveCfg = Release|Any CPU
		{52250499-900E-447F-A29C-101087D88F85}.Release|Any CPU.Build.0 = Release|Any CPU
		{19956E86-4C0C-4389-A821-9C1A08F103FE}.Debug|Any CPU.ActiveCfg = Debug|Any CPU
		{19956E86-4C0C-4389-A821-9C1A08F103FE}.Debug|Any CPU.Build.0 = Debug|Any CPU
		{19956E86-4C0C-4389-A821-9C1A08F103FE}.Release|Any CPU.ActiveCfg = Release|Any CPU
		{19956E86-4C0C-4389-A821-9C1A08F103FE}.Release|Any CPU.Build.0 = Release|Any CPU
	EndGlobalSection
EndGlobal
